
Microsoft Visual Studio Solution File, Format Version 12.00
Project("{FAE04EC0-301F-11D3-BF4B-00C04F79EFBC}") = "Task6", "Task6\Task6.csproj", "{7320DB24-1481-4122-915F-B25EAE64ACFB}"
EndProject
Project("{FAE04EC0-301F-11D3-BF4B-00C04F79EFBC}") = "Task5", "Task5\Task5.csproj", "{13847F1B-392C-4A25-98CA-A7F463AF867B}"
EndProject
Global
	GlobalSection(SolutionConfigurationPlatforms) = preSolution
		Debug|Any CPU = Debug|Any CPU
		Release|Any CPU = Release|Any CPU
	EndGlobalSection
	GlobalSection(ProjectConfigurationPlatforms) = postSolution
		{7320DB24-1481-4122-915F-B25EAE64ACFB}.Debug|Any CPU.ActiveCfg = Debug|Any CPU
		{7320DB24-1481-4122-915F-B25EAE64ACFB}.Debug|Any CPU.Build.0 = Debug|Any CPU
		{7320DB24-1481-4122-915F-B25EAE64ACFB}.Release|Any CPU.ActiveCfg = Release|Any CPU
		{7320DB24-1481-4122-915F-B25EAE64ACFB}.Release|Any CPU.Build.0 = Release|Any CPU
		{13847F1B-392C-4A25-98CA-A7F463AF867B}.Debug|Any CPU.ActiveCfg = Debug|Any CPU
		{13847F1B-392C-4A25-98CA-A7F463AF867B}.Debug|Any CPU.Build.0 = Debug|Any CPU
		{13847F1B-392C-4A25-98CA-A7F463AF867B}.Release|Any CPU.ActiveCfg = Release|Any CPU
		{13847F1B-392C-4A25-98CA-A7F463AF867B}.Release|Any CPU.Build.0 = Release|Any CPU
	EndGlobalSection
EndGlobal
